Microsoft Visual Studio Solution File, Format Version 12.00
# Visual Studio 2012
Project("{FAE04EC0-301F-11D3-BF4B-00C04F79EFBC}") = "ShotLiner", "ShotLiner.csproj", "{465B2ADD-37DD-4B68-8E7A-352542886721}"
EndProject
Global
	GlobalSection(SolutionConfigurationPlatforms) = preSolution
	Debug|Any CPU = Debug|Any CPU
	ExportDebug|Any CPU = ExportDebug|Any CPU
	ExportRelease|Any CPU = ExportRelease|Any CPU
	EndGlobalSection
	GlobalSection(ProjectConfigurationPlatforms) = postSolution
		{465B2ADD-37DD-4B68-8E7A-352542886721}.Debug|Any CPU.ActiveCfg = Debug|Any CPU
		{465B2ADD-37DD-4B68-8E7A-352542886721}.Debug|Any CPU.Build.0 = Debug|Any CPU
		{465B2ADD-37DD-4B68-8E7A-352542886721}.ExportDebug|Any CPU.ActiveCfg = ExportDebug|Any CPU
		{465B2ADD-37DD-4B68-8E7A-352542886721}.ExportDebug|Any CPU.Build.0 = ExportDebug|Any CPU
		{465B2ADD-37DD-4B68-8E7A-352542886721}.ExportRelease|Any CPU.ActiveCfg = ExportRelease|Any CPU
		{465B2ADD-37DD-4B68-8E7A-352542886721}.ExportRelease|Any CPU.Build.0 = ExportRelease|Any CPU
	EndGlobalSection
EndGlobal
